
Microsoft Visual Studio Solution File, Format Version 12.00
# Visual Studio Version 16
VisualStudioVersion = 16.0.29215.179
MinimumVisualStudioVersion = 10.0.40219.1
Project("{8BC9CEB8-8B4A-11D0-8D11-00A0C91BC942}") = "SW_PRO_Algorithm", "SW_PRO_Algorithm\SW_PRO_Algorithm.vcxproj", "{4930811A-9CFC-4E3E-A47D-57BDA15563FF}"
EndProject
Global
	GlobalSection(SolutionConfigurationPlatforms) = preSolution
		Debug|x64 = Debug|x64
		Debug|x86 = Debug|x86
		Release|x64 = Release|x64
		Release|x86 = Release|x86
	EndGlobalSection
	GlobalSection(ProjectConfigurationPlatforms) = postSolution
		{4930811A-9CFC-4E3E-A47D-57BDA15563FF}.Debug|x64.ActiveCfg = Debug|x64
		{4930811A-9CFC-4E3E-A47D-57BDA15563FF}.Debug|x64.Build.0 = Debug|x64
		{4930811A-9CFC-4E3E-A47D-57BDA15563FF}.Debug|x86.ActiveCfg = Debug|Win32
		{4930811A-9CFC-4E3E-A47D-57BDA15563FF}.Debug|x86.Build.0 = Debug|Win32
		{4930811A-9CFC-4E3E-A47D-57BDA15563FF}.Release|x64.ActiveCfg = Release|x64
		{4930811A-9CFC-4E3E-A47D-57BDA15563FF}.Release|x64.Build.0 = Release|x64
		{4930811A-9CFC-4E3E-A47D-57BDA15563FF}.Release|x86.ActiveCfg = Release|Win32
		{4930811A-9CFC-4E3E-A47D-57BDA15563FF}.Release|x86.Build.0 = Release|Win32
	EndGlobalSection
	GlobalSection(SolutionProperties) = preSolution
		HideSolutionNode = FALSE
	EndGlobalSection
	GlobalSection(ExtensibilityGlobals) = postSolution
		SolutionGuid = {D18D75AC-9F4C-4965-8703-E1274E62F79C}
	EndGlobalSection
EndGlobal
