<?xml version="1.0" encoding="utf-8"?>
<Project ToolsVersion="4.0" xmlns="http://schemas.microsoft.com/developer/msbuild/2003">
  <ItemGroup>
    <Filter Include="소스 파일">
      <UniqueIdentifier>{4FC737F1-C7A5-4376-A066-2A32D752A2FF}</UniqueIdentifier>
      <Extensions>cpp;c;cc;cxx;def;odl;idl;hpj;bat;asm;asmx</Extensions>
    </Filter>
    <Filter Include="리소스 파일">
      <UniqueIdentifier>{67DA6AB6-F800-4c08-8B7A-83BB121AAD01}</UniqueIdentifier>
      <Extensions>rc;ico;cur;bmp;dlg;rc2;rct;bin;rgs;gif;jpg;jpeg;jpe;resx;tiff;tif;png;wav;mfcribbon-ms</Extensions>
    </Filter>
    <Filter Include="헤더 파일">
      <UniqueIdentifier>{93995380-89BD-4b04-88EB-625FBE52EBFB}</UniqueIdentifier>
      <Extensions>h;hh;hpp;hxx;hm;inl;inc;ipp;xsd</Extensions>
    </Filter>
    <Filter Include="소스 파일\01. 기초 구현">
      <UniqueIdentifier>{85427802-1bb5-4dab-bd0d-ff6c0bdefcdf}</UniqueIdentifier>
    </Filter>
    <Filter Include="소스 파일\02. 시간/공간복잡도">
      <UniqueIdentifier>{c77fb3d1-d879-44ce-9ab3-8afdc2c02803}</UniqueIdentifier>
    </Filter>
    <Filter Include="소스 파일\03. 자료구조">
      <UniqueIdentifier>{221a0c31-fd40-432b-8e95-53c0acc21def}</UniqueIdentifier>
    </Filter>
    <Filter Include="소스 파일\04. 정수론">
      <UniqueIdentifier>{4aec53b5-31a5-4719-860c-27e4e7f4bad7}</UniqueIdentifier>
    </Filter>
    <Filter Include="소스 파일\07. DP">
      <UniqueIdentifier>{b453f1e9-6100-4f3c-8da0-260eb1eac48a}</UniqueIdentifier>
    </Filter>
    <Filter Include="소스 파일\05. 그래프1%28MST,LCA%29">
      <UniqueIdentifier>{e74f314d-990c-4d49-bde1-bfb2b518ddc3}</UniqueIdentifier>
    </Filter>
    <Filter Include="소스 파일\06. 그래프2%28최단경로%29">
      <UniqueIdentifier>{7d42638e-428f-4494-acfe-063cd7defa4c}</UniqueIdentifier>
    </Filter>
    <Filter Include="소스 파일\08. BFS와 DFS">
      <UniqueIdentifier>{12dd6ffd-5807-45f0-8041-30b7820138b8}</UniqueIdentifier>
    </Filter>
    <Filter Include="소스 파일\09.문자열">
      <UniqueIdentifier>{73d0d6c9-4934-437b-907a-c33540982c44}</UniqueIdentifier>
    </Filter>
  </ItemGroup>
  <ItemGroup>
    <ClCompile Include="기출A-0010(블록배열하기).cpp">
      <Filter>소스 파일\01. 기초 구현</Filter>
    </ClCompile>
    <ClCompile Include="기출A-0013(숫자배치하기).cpp">
      <Filter>소스 파일\01. 기초 구현</Filter>
    </ClCompile>
    <ClCompile Include="기츨A-0009(정예병사).cpp">
      <Filter>소스 파일\01. 기초 구현</Filter>
    </ClCompile>
    <ClCompile Include="연습P-0001(큰수만들기).cpp">
      <Filter>소스 파일\01. 기초 구현</Filter>
    </ClCompile>
    <ClCompile Include="연습A-0028(나누기).cpp">
      <Filter>소스 파일\01. 기초 구현</Filter>
    </ClCompile>
    <ClCompile Include="교육P-0013(나무).cpp">
      <Filter>소스 파일\02. 시간/공간복잡도</Filter>
    </ClCompile>
    <ClCompile Include="교육P_0016(동굴).cpp">
      <Filter>소스 파일\02. 시간/공간복잡도</Filter>
    </ClCompile>
    <ClCompile Include="교육P-0020(달리기).cpp">
      <Filter>소스 파일\02. 시간/공간복잡도</Filter>
    </ClCompile>
    <ClCompile Include="사전A-0023(카드고르기).cpp">
      <Filter>소스 파일\02. 시간/공간복잡도</Filter>
    </ClCompile>
    <ClCompile Include="연습A-0026(지은이가지은집).cpp">
      <Filter>소스 파일\02. 시간/공간복잡도</Filter>
    </ClCompile>
    <ClCompile Include="교육P-0022(히스토그램에서가장큰직사각형).cpp">
      <Filter>소스 파일\03. 자료구조</Filter>
    </ClCompile>
    <ClCompile Include="교육P-0031(최대와최소).cpp">
      <Filter>소스 파일\03. 자료구조</Filter>
    </ClCompile>
    <ClCompile Include="연습A-0003(하노이).cpp">
      <Filter>소스 파일\03. 자료구조</Filter>
    </ClCompile>
    <ClCompile Include="연습P-0019(구간합).cpp">
      <Filter>소스 파일\03. 자료구조</Filter>
    </ClCompile>
    <ClCompile Include="연습A-0020(탑).cpp">
      <Filter>소스 파일\03. 자료구조</Filter>
    </ClCompile>
    <ClCompile Include="교육A-0004(금괴).cpp">
      <Filter>소스 파일\04. 정수론</Filter>
    </ClCompile>
    <ClCompile Include="교육P_0004(하노이타워중간과정).cpp">
      <Filter>소스 파일\04. 정수론</Filter>
    </ClCompile>
    <ClCompile Include="교육P-0029(피보나치수).cpp">
      <Filter>소스 파일\04. 정수론</Filter>
    </ClCompile>
    <ClCompile Include="연습P-0014(서로소).cpp">
      <Filter>소스 파일\04. 정수론</Filter>
    </ClCompile>
    <ClCompile Include="교육P-0008(임계경로).cpp">
      <Filter>소스 파일\05. 그래프1%28MST,LCA%29</Filter>
    </ClCompile>
    <ClCompile Include="연습A-0002(키순서).cpp">
      <Filter>소스 파일\05. 그래프1%28MST,LCA%29</Filter>
    </ClCompile>
    <ClCompile Include="연습P-0017(재밌는게임).cpp">
      <Filter>소스 파일\05. 그래프1%28MST,LCA%29</Filter>
    </ClCompile>
    <ClCompile Include="연습P-0023(동맹의동맹은동맹).cpp">
      <Filter>소스 파일\05. 그래프1%28MST,LCA%29</Filter>
    </ClCompile>
    <ClCompile Include="연습P-0008(웜홀).cpp">
      <Filter>소스 파일\06. 그래프2%28최단경로%29</Filter>
    </ClCompile>
    <ClCompile Include="교육P-0009(최단경로).cpp">
      <Filter>소스 파일\06. 그래프2%28최단경로%29</Filter>
    </ClCompile>
    <ClCompile Include="교육P-0006(가장먼두도시).cpp">
      <Filter>소스 파일\06. 그래프2%28최단경로%29</Filter>
    </ClCompile>
    <ClCompile Include="기출P-0041(K-Heap슈퍼이벤트).cpp">
      <Filter>소스 파일\03. 자료구조</Filter>
    </ClCompile>
    <ClCompile Include="기출P-0049(부분배열의중앙값).cpp">
      <Filter>소스 파일\03. 자료구조</Filter>
    </ClCompile>
    <ClCompile Include="연습A-0022(소수경로).cpp">
      <Filter>소스 파일\04. 정수론</Filter>
    </ClCompile>
    <ClCompile Include="교육P-0007(군사도로망).cpp">
      <Filter>소스 파일\05. 그래프1%28MST,LCA%29</Filter>
    </ClCompile>
    <ClCompile Include="교육P-0032(패닉룸2).cpp">
      <Filter>소스 파일\06. 그래프2%28최단경로%29</Filter>
    </ClCompile>
    <ClCompile Include="교육P-0026(최저공통조상).cpp">
      <Filter>소스 파일\05. 그래프1%28MST,LCA%29</Filter>
    </ClCompile>
    <ClCompile Include="기출P-0067(가장큰최단경로).cpp">
      <Filter>소스 파일\06. 그래프2%28최단경로%29</Filter>
    </ClCompile>
    <ClCompile Include="기출P-0005(인터스텔라).cpp">
      <Filter>소스 파일\06. 그래프2%28최단경로%29</Filter>
    </ClCompile>
    <ClCompile Include="연습P-0011(K번째최단경로).cpp">
      <Filter>소스 파일\06. 그래프2%28최단경로%29</Filter>
    </ClCompile>
    <ClCompile Include="기출P-0008(연방).cpp">
      <Filter>소스 파일\05. 그래프1%28MST,LCA%29</Filter>
    </ClCompile>
    <ClCompile Include="기출P-0011(패닉룸).cpp">
      <Filter>소스 파일\06. 그래프2%28최단경로%29</Filter>
    </ClCompile>
    <ClCompile Include="사전A-0018(인터스텔라항해).cpp">
      <Filter>소스 파일\06. 그래프2%28최단경로%29</Filter>
    </ClCompile>
    <ClCompile Include="사전A-0019(내고장내마을).cpp">
      <Filter>소스 파일\05. 그래프1%28MST,LCA%29</Filter>
    </ClCompile>
    <ClCompile Include="사전A-0031(자율주행테스트).cpp">
      <Filter>소스 파일\05. 그래프1%28MST,LCA%29</Filter>
    </ClCompile>
    <ClCompile Include="기출P-0037(섬나라).cpp">
      <Filter>소스 파일\05. 그래프1%28MST,LCA%29</Filter>
    </ClCompile>
    <ClCompile Include="사전A-0030(기지국점검).cpp">
      <Filter>소스 파일\06. 그래프2%28최단경로%29</Filter>
    </ClCompile>
    <ClCompile Include="기출P-0003(도로 포장).cpp">
      <Filter>소스 파일\05. 그래프1%28MST,LCA%29</Filter>
    </ClCompile>
    <ClCompile Include="연습P-0012(파티참석하기).cpp">
      <Filter>소스 파일\06. 그래프2%28최단경로%29</Filter>
    </ClCompile>
    <ClCompile Include="연습P-0010(상인).cpp">
      <Filter>소스 파일\05. 그래프1%28MST,LCA%29</Filter>
    </ClCompile>
    <ClCompile Include="사전A-0032(타일붙이기).cpp">
      <Filter>소스 파일\07. DP</Filter>
    </ClCompile>
    <ClCompile Include="사전A-0033(스마트팩토리).cpp">
      <Filter>소스 파일\07. DP</Filter>
    </ClCompile>
    <ClCompile Include="모의P-0001(잠자는사이에).cpp">
      <Filter>소스 파일\01. 기초 구현</Filter>
    </ClCompile>
    <ClCompile Include="모의P-0002(답글의수).cpp">
      <Filter>소스 파일\01. 기초 구현</Filter>
    </ClCompile>
    <ClCompile Include="연습I-0001(구름).cpp">
      <Filter>소스 파일\01. 기초 구현</Filter>
    </ClCompile>
    <ClCompile Include="기출I-0001(정수그룹의합).cpp">
      <Filter>소스 파일\01. 기초 구현</Filter>
    </ClCompile>
    <ClCompile Include="기출P-0073(LottoMN).cpp">
      <Filter>소스 파일\04. 정수론</Filter>
    </ClCompile>
    <ClCompile Include="기출A-0042(해커).cpp">
      <Filter>소스 파일\08. BFS와 DFS</Filter>
    </ClCompile>
    <ClCompile Include="기출A-0037(핵심도시1).cpp">
      <Filter>소스 파일\08. BFS와 DFS</Filter>
    </ClCompile>
    <ClCompile Include="기출A-0005(뒤로봐도소수).cpp">
      <Filter>소스 파일\04. 정수론</Filter>
    </ClCompile>
    <ClCompile Include="기출A-0006(1cm의자존심).cpp">
      <Filter>소스 파일\08. BFS와 DFS</Filter>
    </ClCompile>
    <ClCompile Include="기출A-0023(대표선수뽑기).cpp">
      <Filter>소스 파일\08. BFS와 DFS</Filter>
    </ClCompile>
    <ClCompile Include="기출A-0038(심해탐사).cpp">
      <Filter>소스 파일\01. 기초 구현</Filter>
    </ClCompile>
    <ClCompile Include="기출I-0004(계산기).cpp">
      <Filter>소스 파일\09.문자열</Filter>
    </ClCompile>
    <ClCompile Include="기출I-0013(달리기 시험).cpp">
      <Filter>소스 파일\01. 기초 구현</Filter>
    </ClCompile>
    <ClCompile Include="기출A-0021(경로찾기).cpp">
      <Filter>소스 파일\08. BFS와 DFS</Filter>
    </ClCompile>
    <ClCompile Include="기출A-0022(비상연락망).cpp">
      <Filter>소스 파일\08. BFS와 DFS</Filter>
    </ClCompile>
    <ClCompile Include="기출A-0036(화성탈출).cpp">
      <Filter>소스 파일\08. BFS와 DFS</Filter>
    </ClCompile>
    <ClCompile Include="연습A-0015(그래프 순회).cpp">
      <Filter>소스 파일\08. BFS와 DFS</Filter>
    </ClCompile>
  </ItemGroup>
  <ItemGroup>
    <Text Include="input.txt">
      <Filter>소스 파일</Filter>
    </Text>
    <Text Include="input2.txt">
      <Filter>소스 파일</Filter>
    </Text>
  </ItemGroup>
</Project>